// !$*UTF8*$!
{
	archiveVersion = 1;
	classes = {
	};
	objectVersion = 50;
	objects = {

/* Begin PBXBuildFile section */
		AE801BB020E296C70064D4C0 /* AppDelegate.swift in Sources */ = {isa = PBXBuildFile; fileRef = AE801BAF20E296C70064D4C0 /* AppDelegate.swift */; };
		AE801BB220E296C70064D4C0 /* ViewController.swift in Sources */ = {isa = PBXBuildFile; fileRef = AE801BB120E296C70064D4C0 /* ViewController.swift */; };
		AE801BB520E296C70064D4C0 /* Main.storyboard in Resources */ = {isa = PBXBuildFile; fileRef = AE801BB320E296C70064D4C0 /* Main.storyboard */; };
		AE801BB720E296C80064D4C0 /* Assets.xcassets in Resources */ = {isa = PBXBuildFile; fileRef = AE801BB620E296C80064D4C0 /* Assets.xcassets */; };
		AE801BBA20E296C80064D4C0 /* LaunchScreen.storyboard in Resources */ = {isa = PBXBuildFile; fileRef = AE801BB820E296C80064D4C0 /* LaunchScreen.storyboard */; };
		AE801BC520E296C80064D4C0 /* sqlLiteexampleTests.swift in Sources */ = {isa = PBXBuildFile; fileRef = AE801BC420E296C80064D4C0 /* sqlLiteexampleTests.swift */; };
		AE801BD120E297570064D4C0 /* libsqlite3.tbd in Frameworks */ = {isa = PBXBuildFile; fileRef = AE801BD020E297570064D4C0 /* libsqlite3.tbd */; };
		AE801BD420E298F40064D4C0 /* sqlManager.swift in Sources */ = {isa = PBXBuildFile; fileRef = AE801BD320E298F40064D4C0 /* sqlManager.swift */; };
/* End PBXBuildFile section */

/* Begin PBXContainerItemProxy section */
		AE801BC120E296C80064D4C0 /* PBXContainerItemProxy */ = {
			isa = PBXContainerItemProxy;
			containerPortal = AE801BA420E296C70064D4C0 /* Project object */;
			proxyType = 1;
			remoteGlobalIDString = AE801BAB20E296C70064D4C0;
			remoteInfo = sqlLiteexample;
		};
/* End PBXContainerItemProxy section */

/* Begin PBXFileReference section */
		AE801BAC20E296C70064D4C0 /* sqlLiteexample.app */ = {isa = PBXFileReference; explicitFileType = wrapper.application; includeInIndex = 0; path = sqlLiteexample.app; sourceTree = BUILT_PRODUCTS_DIR; };
		AE801BAF20E296C70064D4C0 /* AppDelegate.swift */ = {isa = PBXFileReference; lastKnownFileType = sourcecode.swift; path = AppDelegate.swift; sourceTree = "<group>"; };
		AE801BB120E296C70064D4C0 /* ViewController.swift */ = {isa = PBXFileReference; lastKnownFileType = sourcecode.swift; path = ViewController.swift; sourceTree = "<group>"; };
		AE801BB420E296C70064D4C0 /* Base */ = {isa = PBXFileReference; lastKnownFileType = file.storyboard; name = Base; path = Base.lproj/Main.storyboard; sourceTree = "<group>"; };
		AE801BB620E296C80064D4C0 /* Assets.xcassets */ = {isa = PBXFileReference; lastKnownFileType = folder.assetcatalog; path = Assets.xcassets; sourceTree = "<group>"; };
		AE801BB920E296C80064D4C0 /* Base */ = {isa = PBXFileReference; lastKnownFileType = file.storyboard; name = Base; path = Base.lproj/LaunchScreen.storyboard; sourceTree = "<group>"; };
		AE801BBB20E296C80064D4C0 /* Info.plist */ = {isa = PBXFileReference; lastKnownFileType = text.plist.xml; path = Info.plist; sourceTree = "<group>"; };
		AE801BC020E296C80064D4C0 /* sqlLiteexampleTests.xctest */ = {isa = PBXFileReference; explicitFileType = wrapper.cfbundle; includeInIndex = 0; path = sqlLiteexampleTests.xctest; sourceTree = BUILT_PRODUCTS_DIR; };
		AE801BC420E296C80064D4C0 /* sqlLiteexampleTests.swift */ = {isa = PBXFileReference; lastKnownFileType = sourcecode.swift; path = sqlLiteexampleTests.swift; sourceTree = "<group>"; };
		AE801BC620E296C80064D4C0 /* Info.plist */ = {isa = PBXFileReference; lastKnownFileType = text.plist.xml; path = Info.plist; sourceTree = "<group>"; };
		AE801BD020E297570064D4C0 /* libsqlite3.tbd */ = {isa = PBXFileReference; lastKnownFileType = "sourcecode.text-based-dylib-definition"; name = libsqlite3.tbd; path = usr/lib/libsqlite3.tbd; sourceTree = SDKROOT; };
		AE801BD220E298840064D4C0 /* foods.db */ = {isa = PBXFileReference; lastKnownFileType = file; path = foods.db; sourceTree = "<group>"; };
		AE801BD320E298F40064D4C0 /* sqlManager.swift */ = {isa = PBXFileReference; lastKnownFileType = sourcecode.swift; path = sqlManager.swift; sourceTree = "<group>"; };
		AE801BD520E29A400064D4C0 /* sqlLiteexample-Bridging-Header.h */ = {isa = PBXFileReference; lastKnownFileType = sourcecode.c.h; path = "sqlLiteexample-Bridging-Header.h"; sourceTree = "<group>"; };
/* End PBXFileReference section */

/* Begin PBXFrameworksBuildPhase section */
		AE801BA920E296C70064D4C0 /* Frameworks */ = {
			isa = PBXFrameworksBuildPhase;
			buildActionMask = 2147483647;
			files = (
				AE801BD120E297570064D4C0 /* libsqlite3.tbd in Frameworks */,
			);
			runOnlyForDeploymentPostprocessing = 0;
		};
		AE801BBD20E296C80064D4C0 /* Frameworks */ = {
			isa = PBXFrameworksBuildPhase;
			buildActionMask = 2147483647;
			files = (
			);
			runOnlyForDeploymentPostprocessing = 0;
		};
/* End PBXFrameworksBuildPhase section */

/* Begin PBXGroup section */
		AE801BA320E296C70064D4C0 = {
			isa = PBXGroup;
			children = (
				AE801BAE20E296C70064D4C0 /* sqlLiteexample */,
				AE801BC320E296C80064D4C0 /* sqlLiteexampleTests */,
				AE801BAD20E296C70064D4C0 /* Products */,
				AE801BCF20E297570064D4C0 /* Frameworks */,
			);
			sourceTree = "<group>";
		};
		AE801BAD20E296C70064D4C0 /* Products */ = {
			isa = PBXGroup;
			children = (
				AE801BAC20E296C70064D4C0 /* sqlLiteexample.app */,
				AE801BC020E296C80064D4C0 /* sqlLiteexampleTests.xctest */,
			);
			name = Products;
			sourceTree = "<group>";
		};
		AE801BAE20E296C70064D4C0 /* sqlLiteexample */ = {
			isa = PBXGroup;
			children = (
				AE801BD220E298840064D4C0 /* foods.db */,
				AE801BAF20E296C70064D4C0 /* AppDelegate.swift */,
				AE801BB120E296C70064D4C0 /* ViewController.swift */,
				AE801BD320E298F40064D4C0 /* sqlManager.swift */,
				AE801BB320E296C70064D4C0 /* Main.storyboard */,
				AE801BB620E296C80064D4C0 /* Assets.xcassets */,
				AE801BB820E296C80064D4C0 /* LaunchScreen.storyboard */,
				AE801BBB20E296C80064D4C0 /* Info.plist */,
				AE801BD520E29A400064D4C0 /* sqlLiteexample-Bridging-Header.h */,
			);
			path = sqlLiteexample;
			sourceTree = "<group>";
		};
		AE801BC320E296C80064D4C0 /* sqlLiteexampleTests */ = {
			isa = PBXGroup;
			children = (
				AE801BC420E296C80064D4C0 /* sqlLiteexampleTests.swift */,
				AE801BC620E296C80064D4C0 /* Info.plist */,
			);
			path = sqlLiteexampleTests;
			sourceTree = "<group>";
		};
		AE801BCF20E297570064D4C0 /* Frameworks */ = {
			isa = PBXGroup;
			children = (
				AE801BD020E297570064D4C0 /* libsqlite3.tbd */,
			);
			name = Frameworks;
			sourceTree = "<group>";
		};
/* End PBXGroup section */

/* Begin PBXNativeTarget section */
		AE801BAB20E296C70064D4C0 /* sqlLiteexample */ = {
			isa = PBXNativeTarget;
			buildConfigurationList = AE801BC920E296C80064D4C0 /* Build configuration list for PBXNativeTarget "sqlLiteexample" */;
			buildPhases = (
				AE801BA820E296C70064D4C0 /* Sources */,
				AE801BA920E296C70064D4C0 /* Frameworks */,
				AE801BAA20E296C70064D4C0 /* Resources */,
			);
			buildRules = (
			);
			dependencies = (
			);
			name = sqlLiteexample;
			productName = sqlLiteexample;
			productReference = AE801BAC20E296C70064D4C0 /* sqlLiteexample.app */;
			productType = "com.apple.product-type.application";
		};
		AE801BBF20E296C80064D4C0 /* sqlLiteexampleTests */ = {
			isa = PBXNativeTarget;
			buildConfigurationList = AE801BCC20E296C80064D4C0 /* Build configuration list for PBXNativeTarget "sqlLiteexampleTests" */;
			buildPhases = (
				AE801BBC20E296C80064D4C0 /* Sources */,
				AE801BBD20E296C80064D4C0 /* Frameworks */,
				AE801BBE20E296C80064D4C0 /* Resources */,
			);
			buildRules = (
			);
			dependencies = (
				AE801BC220E296C80064D4C0 /* PBXTargetDependency */,
			);
			name = sqlLiteexampleTests;
			productName = sqlLiteexampleTests;
			productReference = AE801BC020E296C80064D4C0 /* sqlLiteexampleTests.xctest */;
			productType = "com.apple.product-type.bundle.unit-test";
		};
/* End PBXNativeTarget section */

/* Begin PBXProject section */
		AE801BA420E296C70064D4C0 /* Project object */ = {
			isa = PBXProject;
			attributes = {
				LastSwiftUpdateCheck = 0940;
				LastUpgradeCheck = 0940;
				ORGANIZATIONNAME = mm;
				TargetAttributes = {
					AE801BAB20E296C70064D4C0 = {
						CreatedOnToolsVersion = 9.4;
						LastSwiftMigration = 0940;
					};
					AE801BBF20E296C80064D4C0 = {
						CreatedOnToolsVersion = 9.4;
						TestTargetID = AE801BAB20E296C70064D4C0;
					};
				};
			};
			buildConfigurationList = AE801BA720E296C70064D4C0 /* Build configuration list for PBXProject "sqlLiteexample" */;
			compatibilityVersion = "Xcode 9.3";
			developmentRegion = en;
			hasScannedForEncodings = 0;
			knownRegions = (
				en,
				Base,
			);
			mainGroup = AE801BA320E296C70064D4C0;
			productRefGroup = AE801BAD20E296C70064D4C0 /* Products */;
			projectDirPath = "";
			projectRoot = "";
			targets = (
				AE801BAB20E296C70064D4C0 /* sqlLiteexample */,
				AE801BBF20E296C80064D4C0 /* sqlLiteexampleTests */,
			);
		};
/* End PBXProject section */

/* Begin PBXResourcesBuildPhase section */
		AE801BAA20E296C70064D4C0 /* Resources */ = {
			isa = PBXResourcesBuildPhase;
			buildActionMask = 2147483647;
			files = (
				AE801BBA20E296C80064D4C0 /* LaunchScreen.storyboard in Resources */,
				AE801BB720E296C80064D4C0 /* Assets.xcassets in Resources */,
				AE801BB520E296C70064D4C0 /* Main.storyboard in Resources */,
			);
			runOnlyForDeploymentPostprocessing = 0;
		};
		AE801BBE20E296C80064D4C0 /* Resources */ = {
			isa = PBXResourcesBuildPhase;
			buildActionMask = 2147483647;
			files = (
			);
			runOnlyForDeploymentPostprocessing = 0;
		};
/* End PBXResourcesBuildPhase section */

/* Begin PBXSourcesBuildPhase section */
		AE801BA820E296C70064D4C0 /* Sources */ = {
			isa = PBXSourcesBuildPhase;
			buildActionMask = 2147483647;
			files = (
				AE801BB220E296C70064D4C0 /* ViewController.swift in Sources */,
				AE801BD420E298F40064D4C0 /* sqlManager.swift in Sources */,
				AE801BB020E296C70064D4C0 /* AppDelegate.swift in Sources */,
			);
			runOnlyForDeploymentPostprocessing = 0;
		};
		AE801BBC20E296C80064D4C0 /* Sources */ = {
			isa = PBXSourcesBuildPhase;
			buildActionMask = 2147483647;
			files = (
				AE801BC520E296C80064D4C0 /* sqlLiteexampleTests.swift in Sources */,
			);
			runOnlyForDeploymentPostprocessing = 0;
		};
/* End PBXSourcesBuildPhase section */

/* Begin PBXTargetDependency section */
		AE801BC220E296C80064D4C0 /* PBXTargetDependency */ = {
			isa = PBXTargetDependency;
			target = AE801BAB20E296C70064D4C0 /* sqlLiteexample */;
			targetProxy = AE801BC120E296C80064D4C0 /* PBXContainerItemProxy */;
		};
/* End PBXTargetDependency section */

/* Begin PBXVariantGroup section */
		AE801BB320E296C70064D4C0 /* Main.storyboard */ = {
			isa = PBXVariantGroup;
			children = (
				AE801BB420E296C70064D4C0 /* Base */,
			);
			name = Main.storyboard;
			sourceTree = "<group>";
		};
		AE801BB820E296C80064D4C0 /* LaunchScreen.storyboard */ = {
			isa = PBXVariantGroup;
			children = (
				AE801BB920E296C80064D4C0 /* Base */,
			);
			name = LaunchScreen.storyboard;
			sourceTree = "<group>";
		};
/* End PBXVariantGroup section */

/* Begin XCBuildConfiguration section */
		AE801BC720E296C80064D4C0 /* Debug */ = {
			isa = XCBuildConfiguration;
			buildSettings = {
				ALWAYS_SEARCH_USER_PATHS = NO;
				CLANG_ANALYZER_NONNULL = YES;
				CLANG_ANALYZER_NUMBER_OBJECT_CONVERSION = YES_AGGRESSIVE;
				CLANG_CXX_LANGUAGE_STANDARD = "gnu++14";
				CLANG_CXX_LIBRARY = "libc++";
				CLANG_ENABLE_MODULES = YES;
				CLANG_ENABLE_OBJC_ARC = YES;
				CLANG_ENABLE_OBJC_WEAK = YES;
				CLANG_WARN_BLOCK_CAPTURE_AUTORELEASING = YES;
				CLANG_WARN_BOOL_CONVERSION = YES;
				CLANG_WARN_COMMA = YES;
				CLANG_WARN_CONSTANT_CONVERSION = YES;
				CLANG_WARN_DEPRECATED_OBJC_IMPLEMENTATIONS = YES;
				CLANG_WARN_DIRECT_OBJC_ISA_USAGE = YES_ERROR;
				CLANG_WARN_DOCUMENTATION_COMMENTS = YES;
				CLANG_WARN_EMPTY_BODY = YES;
				CLANG_WARN_ENUM_CONVERSION = YES;
				CLANG_WARN_INFINITE_RECURSION = YES;
				CLANG_WARN_INT_CONVERSION = YES;
				CLANG_WARN_NON_LITERAL_NULL_CONVERSION = YES;
				CLANG_WARN_OBJC_IMPLICIT_RETAIN_SELF = YES;
				CLANG_WARN_OBJC_LITERAL_CONVERSION = YES;
				CLANG_WARN_OBJC_ROOT_CLASS = YES_ERROR;
				CLANG_WARN_RANGE_LOOP_ANALYSIS = YES;
				CLANG_WARN_STRICT_PROTOTYPES = YES;
				CLANG_WARN_SUSPICIOUS_MOVE = YES;
				CLANG_WARN_UNGUARDED_AVAILABILITY = YES_AGGRESSIVE;
				CLANG_WARN_UNREACHABLE_CODE = YES;
				CLANG_WARN__DUPLICATE_METHOD_MATCH = YES;
				CODE_SIGN_IDENTITY = "iPhone Developer";
				COPY_PHASE_STRIP = NO;
				DEBUG_INFORMATION_FORMAT = dwarf;
				ENABLE_STRICT_OBJC_MSGSEND = YES;
				ENABLE_TESTABILITY = YES;
				GCC_C_LANGUAGE_STANDARD = gnu11;
				GCC_DYNAMIC_NO_PIC = NO;
				GCC_NO_COMMON_BLOCKS = YES;
				GCC_OPTIMIZATION_LEVEL = 0;
				GCC_PREPROCESSOR_DEFINITIONS = (
					"DEBUG=1",
					"$(inherited)",
				);
				GCC_WARN_64_TO_32_BIT_CONVERSION = YES;
				GCC_WARN_ABOUT_RETURN_TYPE = YES_ERROR;
				GCC_WARN_UNDECLARED_SELECTOR = YES;
				GCC_WARN_UNINITIALIZED_AUTOS = YES_AGGRESSIVE;
				GCC_WARN_UNUSED_FUNCTION = YES;
				GCC_WARN_UNUSED_VARIABLE = YES;
				IPHONEOS_DEPLOYMENT_TARGET = 11.4;
				MTL_ENABLE_DEBUG_INFO = YES;
				ONLY_ACTIVE_ARCH = YES;
				SDKROOT = iphoneos;
				SWIFT_ACTIVE_COMPILATION_CONDITIONS = DEBUG;
				SWIFT_OPTIMIZATION_LEVEL = "-Onone";
			};
			name = Debug;
		};
		AE801BC820E296C80064D4C0 /* Release */ = {
			isa = XCBuildConfiguration;
			buildSettings = {
				ALWAYS_SEARCH_USER_PATHS = NO;
				CLANG_ANALYZER_NONNULL = YES;
				CLANG_ANALYZER_NUMBER_OBJECT_CONVERSION = YES_AGGRESSIVE;
				CLANG_CXX_LANGUAGE_STANDARD = "gnu++14";
				CLANG_CXX_LIBRARY = "libc++";
				CLANG_ENABLE_MODULES = YES;
				CLANG_ENABLE_OBJC_ARC = YES;
				CLANG_ENABLE_OBJC_WEAK = YES;
				CLANG_WARN_BLOCK_CAPTURE_AUTORELEASING = YES;
				CLANG_WARN_BOOL_CONVERSION = YES;
				CLANG_WARN_COMMA = YES;
				CLANG_WARN_CONSTANT_CONVERSION = YES;
				CLANG_WARN_DEPRECATED_OBJC_IMPLEMENTATIONS = YES;
				CLANG_WARN_DIRECT_OBJC_ISA_USAGE = YES_ERROR;
				CLANG_WARN_DOCUMENTATION_COMMENTS = YES;
				CLANG_WARN_EMPTY_BODY = YES;
				CLANG_WARN_ENUM_CONVERSION = YES;
				CLANG_WARN_INFINITE_RECURSION = YES;
				CLANG_WARN_INT_CONVERSION = YES;
				CLANG_WARN_NON_LITERAL_NULL_CONVERSION = YES;
				CLANG_WARN_OBJC_IMPLICIT_RETAIN_SELF = YES;
				CLANG_WARN_OBJC_LITERAL_CONVERSION = YES;
				CLANG_WARN_OBJC_ROOT_CLASS = YES_ERROR;
				CLANG_WARN_RANGE_LOOP_ANALYSIS = YES;
				CLANG_WARN_STRICT_PROTOTYPES = YES;
				CLANG_WARN_SUSPICIOUS_MOVE = YES;
				CLANG_WARN_UNGUARDED_AVAILABILITY = YES_AGGRESSIVE;
				CLANG_WARN_UNREACHABLE_CODE = YES;
				CLANG_WARN__DUPLICATE_METHOD_MATCH = YES;
				CODE_SIGN_IDENTITY = "iPhone Developer";
				COPY_PHASE_STRIP = NO;
				DEBUG_INFORMATION_FORMAT = "dwarf-with-dsym";
				ENABLE_NS_ASSERTIONS = NO;
				ENABLE_STRICT_OBJC_MSGSEND = YES;
				GCC_C_LANGUAGE_STANDARD = gnu11;
				GCC_NO_COMMON_BLOCKS = YES;
				GCC_WARN_64_TO_32_BIT_CONVERSION = YES;
				GCC_WARN_ABOUT_RETURN_TYPE = YES_ERROR;
				GCC_WARN_UNDECLARED_SELECTOR = YES;
				GCC_WARN_UNINITIALIZED_AUTOS = YES_AGGRESSIVE;
				GCC_WARN_UNUSED_FUNCTION = YES;
				GCC_WARN_UNUSED_VARIABLE = YES;
				IPHONEOS_DEPLOYMENT_TARGET = 11.4;
				MTL_ENABLE_DEBUG_INFO = NO;
				SDKROOT = iphoneos;
				SWIFT_COMPILATION_MODE = wholemodule;
				SWIFT_OPTIMIZATION_LEVEL = "-O";
				VALIDATE_PRODUCT = YES;
			};
			name = Release;
		};
		AE801BCA20E296C80064D4C0 /* Debug */ = {
			isa = XCBuildConfiguration;
			buildSettings = {
				ASSETCATALOG_COMPILER_APPICON_NAME = AppIcon;
				CLANG_ENABLE_MODULES = YES;
				CODE_SIGN_STYLE = Automatic;
				INFOPLIST_FILE = sqlLiteexample/Info.plist;
				LD_RUNPATH_SEARCH_PATHS = (
					"$(inherited)",
					"@executable_path/Frameworks",
				);
				PRODUCT_BUNDLE_IDENTIFIER = com.sella.sqlLiteexample;
				PRODUCT_NAME = "$(TARGET_NAME)";
				SWIFT_OBJC_BRIDGING_HEADER = "sqlLiteexample/sqlLiteexample-Bridging-Header.h";
				SWIFT_OPTIMIZATION_LEVEL = "-Onone";
				SWIFT_VERSION = 4.0;
				TARGETED_DEVICE_FAMILY = "1,2";
			};
			name = Debug;
		};
		AE801BCB20E296C80064D4C0 /* Release */ = {
			isa = XCBuildConfiguration;
			buildSettings = {
				ASSETCATALOG_COMPILER_APPICON_NAME = AppIcon;
				CLANG_ENABLE_MODULES = YES;
				CODE_SIGN_STYLE = Automatic;
				INFOPLIST_FILE = sqlLiteexample/Info.plist;
				LD_RUNPATH_SEARCH_PATHS = (
					"$(inherited)",
					"@executable_path/Frameworks",
				);
				PRODUCT_BUNDLE_IDENTIFIER = com.sella.sqlLiteexample;
				PRODUCT_NAME = "$(TARGET_NAME)";
				SWIFT_OBJC_BRIDGING_HEADER = "sqlLiteexample/sqlLiteexample-Bridging-Header.h";
				SWIFT_VERSION = 4.0;
				TARGETED_DEVICE_FAMILY = "1,2";
			};
			name = Release;
		};
		AE801BCD20E296C80064D4C0 /* Debug */ = {
			isa = XCBuildConfiguration;
			buildSettings = {
				ALWAYS_EMBED_SWIFT_STANDARD_LIBRARIES = YES;
				BUNDLE_LOADER = "$(TEST_HOST)";
				CODE_SIGN_STYLE = Automatic;
				INFOPLIST_FILE = sqlLiteexampleTests/Info.plist;
				LD_RUNPATH_SEARCH_PATHS = (
					"$(inherited)",
					"@executable_path/Frameworks",
					"@loader_path/Frameworks",
				);
				PRODUCT_BUNDLE_IDENTIFIER = com.sella.sqlLiteexampleTests;
				PRODUCT_NAME = "$(TARGET_NAME)";
				SWIFT_VERSION = 4.0;
				TARGETED_DEVICE_FAMILY = "1,2";
				TEST_HOST = "$(BUILT_PRODUCTS_DIR)/sqlLiteexample.app/sqlLiteexample";
			};
			name = Debug;
		};
		AE801BCE20E296C80064D4C0 /* Release */ = {
			isa = XCBuildConfiguration;
			buildSettings = {
				ALWAYS_EMBED_SWIFT_STANDARD_LIBRARIES = YES;
				BUNDLE_LOADER = "$(TEST_HOST)";
				CODE_SIGN_STYLE = Automatic;
				INFOPLIST_FILE = sqlLiteexampleTests/Info.plist;
				LD_RUNPATH_SEARCH_PATHS = (
					"$(inherited)",
					"@executable_path/Frameworks",
					"@loader_path/Frameworks",
				);
				PRODUCT_BUNDLE_IDENTIFIER = com.sella.sqlLiteexampleTests;
				PRODUCT_NAME = "$(TARGET_NAME)";
				SWIFT_VERSION = 4.0;
				TARGETED_DEVICE_FAMILY = "1,2";
				TEST_HOST = "$(BUILT_PRODUCTS_DIR)/sqlLiteexample.app/sqlLiteexample";
			};
			name = Release;
		};
/* End XCBuildConfiguration section */

/* Begin XCConfigurationList section */
		AE801BA720E296C70064D4C0 /* Build configuration list for PBXProject "sqlLiteexample" */ = {
			isa = XCConfigurationList;
			buildConfigurations = (
				AE801BC720E296C80064D4C0 /* Debug */,
				AE801BC820E296C80064D4C0 /* Release */,
			);
			defaultConfigurationIsVisible = 0;
			defaultConfigurationName = Release;
		};
		AE801BC920E296C80064D4C0 /* Build configuration list for PBXNativeTarget "sqlLiteexample" */ = {
			isa = XCConfigurationList;
			buildConfigurations = (
				AE801BCA20E296C80064D4C0 /* Debug */,
				AE801BCB20E296C80064D4C0 /* Release */,
			);
			defaultConfigurationIsVisible = 0;
			defaultConfigurationName = Release;
		};
		AE801BCC20E296C80064D4C0 /* Build configuration list for PBXNativeTarget "sqlLiteexampleTests" */ = {
			isa = XCConfigurationList;
			buildConfigurations = (
				AE801BCD20E296C80064D4C0 /* Debug */,
				AE801BCE20E296C80064D4C0 /* Release */,
			);
			defaultConfigurationIsVisible = 0;
			defaultConfigurationName = Release;
		};
/* End XCConfigurationList section */
	};
	rootObject = AE801BA420E296C70064D4C0 /* Project object */;
}
